
Microsoft Visual Studio Solution File, Format Version 12.00
# Visual Studio Version 16
VisualStudioVersion = 16.0.30804.86
MinimumVisualStudioVersion = 10.0.40219.1
Project("{9A19103F-16F7-4668-BE54-9A1E7A4F7556}") = "FrontEndWebApp", "FrontEndWebApp.csproj", "{F9E2707E-5144-4467-9E66-8D37D5E78DC4}"
EndProject
Project("{9A19103F-16F7-4668-BE54-9A1E7A4F7556}") = "BackEndWebApp", "..\BackEndWebApp\BackEndWebApp.csproj", "{BE8E3689-84DD-44AF-AB2E-762ED1EFA53E}"
EndProject
Global
	GlobalSection(SolutionConfigurationPlatforms) = preSolution
		Debug|Any CPU = Debug|Any CPU
		Release|Any CPU = Release|Any CPU
	EndGlobalSection
	GlobalSection(ProjectConfigurationPlatforms) = postSolution
		{F9E2707E-5144-4467-9E66-8D37D5E78DC4}.Debug|Any CPU.ActiveCfg = Debug|Any CPU
		{F9E2707E-5144-4467-9E66-8D37D5E78DC4}.Debug|Any CPU.Build.0 = Debug|Any CPU
		{F9E2707E-5144-4467-9E66-8D37D5E78DC4}.Release|Any CPU.ActiveCfg = Release|Any CPU
		{F9E2707E-5144-4467-9E66-8D37D5E78DC4}.Release|Any CPU.Build.0 = Release|Any CPU
		{BE8E3689-84DD-44AF-AB2E-762ED1EFA53E}.Debug|Any CPU.ActiveCfg = Debug|Any CPU
		{BE8E3689-84DD-44AF-AB2E-762ED1EFA53E}.Debug|Any CPU.Build.0 = Debug|Any CPU
		{BE8E3689-84DD-44AF-AB2E-762ED1EFA53E}.Release|Any CPU.ActiveCfg = Release|Any CPU
		{BE8E3689-84DD-44AF-AB2E-762ED1EFA53E}.Release|Any CPU.Build.0 = Release|Any CPU
	EndGlobalSection
	GlobalSection(SolutionProperties) = preSolution
		HideSolutionNode = FALSE
	EndGlobalSection
	GlobalSection(ExtensibilityGlobals) = postSolution
		SolutionGuid = {4DC73455-425C-4DB5-ADF7-B0F213535A61}
	EndGlobalSection
EndGlobal
